
Microsoft Visual Studio Solution File, Format Version 12.00
# Visual Studio Version 17
VisualStudioVersion = 17.13.35818.85 d17.13
MinimumVisualStudioVersion = 10.0.40219.1
Project("{FAE04EC0-301F-11D3-BF4B-00C04F79EFBC}") = "ChatApp", "ChatApp\ChatApp.csproj", "{B2F01FEC-B210-4F00-BE8D-C07E64BE070D}"
EndProject
Global
	GlobalSection(SolutionConfigurationPlatforms) = preSolution
		Debug|Any CPU = Debug|Any CPU
		Release|Any CPU = Release|Any CPU
	EndGlobalSection
	GlobalSection(ProjectConfigurationPlatforms) = postSolution
		{B2F01FEC-B210-4F00-BE8D-C07E64BE070D}.Debug|Any CPU.ActiveCfg = Debug|Any CPU
		{B2F01FEC-B210-4F00-BE8D-C07E64BE070D}.Debug|Any CPU.Build.0 = Debug|Any CPU
		{B2F01FEC-B210-4F00-BE8D-C07E64BE070D}.Release|Any CPU.ActiveCfg = Release|Any CPU
		{B2F01FEC-B210-4F00-BE8D-C07E64BE070D}.Release|Any CPU.Build.0 = Release|Any CPU
	EndGlobalSection
	GlobalSection(SolutionProperties) = preSolution
		HideSolutionNode = FALSE
	EndGlobalSection
	GlobalSection(ExtensibilityGlobals) = postSolution
		SolutionGuid = {D29D1EC0-333C-4F6E-A30E-42B9C9A67A7F}
	EndGlobalSection
EndGlobal
